{
  "object": {
    "pins": [
      {
        "package": "DynamicColor",
        "repositoryURL": "https://github.com/yannickl/DynamicColor",
        "state": {
          "branch": null,
          "revision": "d9beca13ca85baa50ee29832d0db5129fba69630",
          "version": "5.0.1"
        }
      },
      {
        "package": "Pages",
        "repositoryURL": "https://github.com/nachonavarro/Pages",
        "state": {
          "branch": null,
          "revision": "4cdbe4ff2f9ddbfda8cf0376a2acb678a1a0a0a2",
          "version": "0.1.5"
        }
      }
    ]
  },
  "version": 1
}
